
Microsoft Visual Studio Solution File, Format Version 12.00
# Visual Studio Version 16
VisualStudioVersion = 16.0.30011.22
MinimumVisualStudioVersion = 10.0.40219.1
Project("{FAE04EC0-301F-11D3-BF4B-00C04F79EFBC}") = "File_FileInfo_IOException_Example_01", "File_FileInfo_IOException_Example_01.csproj", "{69F3DC58-1890-48A0-BE5B-DD7145623665}"
EndProject
Global
	GlobalSection(SolutionConfigurationPlatforms) = preSolution
		Debug|Any CPU = Debug|Any CPU
		Release|Any CPU = Release|Any CPU
	EndGlobalSection
	GlobalSection(ProjectConfigurationPlatforms) = postSolution
		{69F3DC58-1890-48A0-BE5B-DD7145623665}.Debug|Any CPU.ActiveCfg = Debug|Any CPU
		{69F3DC58-1890-48A0-BE5B-DD7145623665}.Debug|Any CPU.Build.0 = Debug|Any CPU
		{69F3DC58-1890-48A0-BE5B-DD7145623665}.Release|Any CPU.ActiveCfg = Release|Any CPU
		{69F3DC58-1890-48A0-BE5B-DD7145623665}.Release|Any CPU.Build.0 = Release|Any CPU
	EndGlobalSection
	GlobalSection(SolutionProperties) = preSolution
		HideSolutionNode = FALSE
	EndGlobalSection
	GlobalSection(ExtensibilityGlobals) = postSolution
		SolutionGuid = {F610BD2D-454E-492E-9BA2-D894309C10A1}
	EndGlobalSection
EndGlobal
