
Microsoft Visual Studio Solution File, Format Version 12.00
# Visual Studio Version 16
VisualStudioVersion = 16.0.30011.22
MinimumVisualStudioVersion = 10.0.40219.1
Project("{FAE04EC0-301F-11D3-BF4B-00C04F79EFBC}") = "InferenciaDeTipos01", "InferenciaDeTipos01.csproj", "{C466679C-58A8-4416-85FE-407EAF9A8426}"
EndProject
Global
	GlobalSection(SolutionConfigurationPlatforms) = preSolution
		Debug|Any CPU = Debug|Any CPU
		Release|Any CPU = Release|Any CPU
	EndGlobalSection
	GlobalSection(ProjectConfigurationPlatforms) = postSolution
		{C466679C-58A8-4416-85FE-407EAF9A8426}.Debug|Any CPU.ActiveCfg = Debug|Any CPU
		{C466679C-58A8-4416-85FE-407EAF9A8426}.Debug|Any CPU.Build.0 = Debug|Any CPU
		{C466679C-58A8-4416-85FE-407EAF9A8426}.Release|Any CPU.ActiveCfg = Release|Any CPU
		{C466679C-58A8-4416-85FE-407EAF9A8426}.Release|Any CPU.Build.0 = Release|Any CPU
	EndGlobalSection
	GlobalSection(SolutionProperties) = preSolution
		HideSolutionNode = FALSE
	EndGlobalSection
	GlobalSection(ExtensibilityGlobals) = postSolution
		SolutionGuid = {47EAD038-E8CA-4BD6-B4AB-04F76C8A5F08}
	EndGlobalSection
EndGlobal
