
Microsoft Visual Studio Solution File, Format Version 12.00
# Visual Studio Version 16
VisualStudioVersion = 16.0.30011.22
MinimumVisualStudioVersion = 10.0.40219.1
Project("{9A19103F-16F7-4668-BE54-9A1E7A4F7556}") = "Overlap_Sobreposição_Example_01", "Overlap_Sobreposição_Example_01.csproj", "{C08ABAF7-1EAA-447B-A9A5-FDB527774C25}"
EndProject
Global
	GlobalSection(SolutionConfigurationPlatforms) = preSolution
		Debug|Any CPU = Debug|Any CPU
		Release|Any CPU = Release|Any CPU
	EndGlobalSection
	GlobalSection(ProjectConfigurationPlatforms) = postSolution
		{C08ABAF7-1EAA-447B-A9A5-FDB527774C25}.Debug|Any CPU.ActiveCfg = Debug|Any CPU
		{C08ABAF7-1EAA-447B-A9A5-FDB527774C25}.Debug|Any CPU.Build.0 = Debug|Any CPU
		{C08ABAF7-1EAA-447B-A9A5-FDB527774C25}.Release|Any CPU.ActiveCfg = Release|Any CPU
		{C08ABAF7-1EAA-447B-A9A5-FDB527774C25}.Release|Any CPU.Build.0 = Release|Any CPU
	EndGlobalSection
	GlobalSection(SolutionProperties) = preSolution
		HideSolutionNode = FALSE
	EndGlobalSection
	GlobalSection(ExtensibilityGlobals) = postSolution
		SolutionGuid = {0A47634D-5070-4D8E-BA65-564FECE80EE4}
	EndGlobalSection
EndGlobal
