
Microsoft Visual Studio Solution File, Format Version 12.00
# Visual Studio Version 16
VisualStudioVersion = 16.0.30011.22
MinimumVisualStudioVersion = 10.0.40219.1
Project("{FAE04EC0-301F-11D3-BF4B-00C04F79EFBC}") = "Heritage_Example_01", "Heritage_Example_01.csproj", "{CB1557D8-A428-44EB-9622-CADE0C0556B5}"
EndProject
Global
	GlobalSection(SolutionConfigurationPlatforms) = preSolution
		Debug|Any CPU = Debug|Any CPU
		Release|Any CPU = Release|Any CPU
	EndGlobalSection
	GlobalSection(ProjectConfigurationPlatforms) = postSolution
		{CB1557D8-A428-44EB-9622-CADE0C0556B5}.Debug|Any CPU.ActiveCfg = Debug|Any CPU
		{CB1557D8-A428-44EB-9622-CADE0C0556B5}.Debug|Any CPU.Build.0 = Debug|Any CPU
		{CB1557D8-A428-44EB-9622-CADE0C0556B5}.Release|Any CPU.ActiveCfg = Release|Any CPU
		{CB1557D8-A428-44EB-9622-CADE0C0556B5}.Release|Any CPU.Build.0 = Release|Any CPU
	EndGlobalSection
	GlobalSection(SolutionProperties) = preSolution
		HideSolutionNode = FALSE
	EndGlobalSection
	GlobalSection(ExtensibilityGlobals) = postSolution
		SolutionGuid = {52E55129-930C-4F48-8DC0-3C6FD5123800}
	EndGlobalSection
EndGlobal
