
Microsoft Visual Studio Solution File, Format Version 12.00
# Visual Studio Version 16
VisualStudioVersion = 16.0.29503.13
MinimumVisualStudioVersion = 10.0.40219.1
Project("{FAE04EC0-301F-11D3-BF4B-00C04F79EFBC}") = "List01", "List01.csproj", "{881AA7B2-9819-473E-A91A-0997B29912A2}"
EndProject
Global
	GlobalSection(SolutionConfigurationPlatforms) = preSolution
		Debug|Any CPU = Debug|Any CPU
		Release|Any CPU = Release|Any CPU
	EndGlobalSection
	GlobalSection(ProjectConfigurationPlatforms) = postSolution
		{881AA7B2-9819-473E-A91A-0997B29912A2}.Debug|Any CPU.ActiveCfg = Debug|Any CPU
		{881AA7B2-9819-473E-A91A-0997B29912A2}.Debug|Any CPU.Build.0 = Debug|Any CPU
		{881AA7B2-9819-473E-A91A-0997B29912A2}.Release|Any CPU.ActiveCfg = Release|Any CPU
		{881AA7B2-9819-473E-A91A-0997B29912A2}.Release|Any CPU.Build.0 = Release|Any CPU
	EndGlobalSection
	GlobalSection(SolutionProperties) = preSolution
		HideSolutionNode = FALSE
	EndGlobalSection
	GlobalSection(ExtensibilityGlobals) = postSolution
		SolutionGuid = {C6266E8E-7A48-4A9B-AAA7-103629179AAB}
	EndGlobalSection
EndGlobal
