
Microsoft Visual Studio Solution File, Format Version 12.00
# Visual Studio Version 16
VisualStudioVersion = 16.0.30011.22
MinimumVisualStudioVersion = 10.0.40219.1
Project("{FAE04EC0-301F-11D3-BF4B-00C04F79EFBC}") = "Inheritance_Abstract_Methods_Exemple", "Inheritance_Abstract_Methods_Exemple.csproj", "{BA01CC92-833B-4EF5-A404-F34F4884824C}"
EndProject
Global
	GlobalSection(SolutionConfigurationPlatforms) = preSolution
		Debug|Any CPU = Debug|Any CPU
		Release|Any CPU = Release|Any CPU
	EndGlobalSection
	GlobalSection(ProjectConfigurationPlatforms) = postSolution
		{BA01CC92-833B-4EF5-A404-F34F4884824C}.Debug|Any CPU.ActiveCfg = Debug|Any CPU
		{BA01CC92-833B-4EF5-A404-F34F4884824C}.Debug|Any CPU.Build.0 = Debug|Any CPU
		{BA01CC92-833B-4EF5-A404-F34F4884824C}.Release|Any CPU.ActiveCfg = Release|Any CPU
		{BA01CC92-833B-4EF5-A404-F34F4884824C}.Release|Any CPU.Build.0 = Release|Any CPU
	EndGlobalSection
	GlobalSection(SolutionProperties) = preSolution
		HideSolutionNode = FALSE
	EndGlobalSection
	GlobalSection(ExtensibilityGlobals) = postSolution
		SolutionGuid = {A9EC8487-9844-49C8-9830-3B60CAFCFEC1}
	EndGlobalSection
EndGlobal
