
Microsoft Visual Studio Solution File, Format Version 12.00
# Visual Studio Version 16
VisualStudioVersion = 16.0.29503.13
MinimumVisualStudioVersion = 10.0.40219.1
Project("{FAE04EC0-301F-11D3-BF4B-00C04F79EFBC}") = "POOContaBancaria", "POOContaBancaria.csproj", "{2547359B-BDFA-4672-8ECD-9DBA652C72DD}"
EndProject
Global
	GlobalSection(SolutionConfigurationPlatforms) = preSolution
		Debug|Any CPU = Debug|Any CPU
		Release|Any CPU = Release|Any CPU
	EndGlobalSection
	GlobalSection(ProjectConfigurationPlatforms) = postSolution
		{2547359B-BDFA-4672-8ECD-9DBA652C72DD}.Debug|Any CPU.ActiveCfg = Debug|Any CPU
		{2547359B-BDFA-4672-8ECD-9DBA652C72DD}.Debug|Any CPU.Build.0 = Debug|Any CPU
		{2547359B-BDFA-4672-8ECD-9DBA652C72DD}.Release|Any CPU.ActiveCfg = Release|Any CPU
		{2547359B-BDFA-4672-8ECD-9DBA652C72DD}.Release|Any CPU.Build.0 = Release|Any CPU
	EndGlobalSection
	GlobalSection(SolutionProperties) = preSolution
		HideSolutionNode = FALSE
	EndGlobalSection
	GlobalSection(ExtensibilityGlobals) = postSolution
		SolutionGuid = {70202AC7-78A1-4C3A-84E1-02C56041F48A}
	EndGlobalSection
EndGlobal
