
Microsoft Visual Studio Solution File, Format Version 12.00
# Visual Studio Version 16
VisualStudioVersion = 16.0.29503.13
MinimumVisualStudioVersion = 10.0.40219.1
Project("{FAE04EC0-301F-11D3-BF4B-00C04F79EFBC}") = "EstruturaCondicional2", "EstruturaCondicional2.csproj", "{5E64A189-9416-4CEB-A127-91677AB0EA52}"
EndProject
Global
	GlobalSection(SolutionConfigurationPlatforms) = preSolution
		Debug|Any CPU = Debug|Any CPU
		Release|Any CPU = Release|Any CPU
	EndGlobalSection
	GlobalSection(ProjectConfigurationPlatforms) = postSolution
		{5E64A189-9416-4CEB-A127-91677AB0EA52}.Debug|Any CPU.ActiveCfg = Debug|Any CPU
		{5E64A189-9416-4CEB-A127-91677AB0EA52}.Debug|Any CPU.Build.0 = Debug|Any CPU
		{5E64A189-9416-4CEB-A127-91677AB0EA52}.Release|Any CPU.ActiveCfg = Release|Any CPU
		{5E64A189-9416-4CEB-A127-91677AB0EA52}.Release|Any CPU.Build.0 = Release|Any CPU
	EndGlobalSection
	GlobalSection(SolutionProperties) = preSolution
		HideSolutionNode = FALSE
	EndGlobalSection
	GlobalSection(ExtensibilityGlobals) = postSolution
		SolutionGuid = {A33C98A7-7BFA-46EA-9B9A-D68A9C668FC6}
	EndGlobalSection
EndGlobal
