
Microsoft Visual Studio Solution File, Format Version 12.00
# Visual Studio Version 16
VisualStudioVersion = 16.0.30011.22
MinimumVisualStudioVersion = 10.0.40219.1
Project("{FAE04EC0-301F-11D3-BF4B-00C04F79EFBC}") = "Using_Block_Example_01", "Using_Block_Example_01.csproj", "{1B5100F4-51EC-46A7-BAB8-E1A4E0C68C10}"
EndProject
Global
	GlobalSection(SolutionConfigurationPlatforms) = preSolution
		Debug|Any CPU = Debug|Any CPU
		Release|Any CPU = Release|Any CPU
	EndGlobalSection
	GlobalSection(ProjectConfigurationPlatforms) = postSolution
		{1B5100F4-51EC-46A7-BAB8-E1A4E0C68C10}.Debug|Any CPU.ActiveCfg = Debug|Any CPU
		{1B5100F4-51EC-46A7-BAB8-E1A4E0C68C10}.Debug|Any CPU.Build.0 = Debug|Any CPU
		{1B5100F4-51EC-46A7-BAB8-E1A4E0C68C10}.Release|Any CPU.ActiveCfg = Release|Any CPU
		{1B5100F4-51EC-46A7-BAB8-E1A4E0C68C10}.Release|Any CPU.Build.0 = Release|Any CPU
	EndGlobalSection
	GlobalSection(SolutionProperties) = preSolution
		HideSolutionNode = FALSE
	EndGlobalSection
	GlobalSection(ExtensibilityGlobals) = postSolution
		SolutionGuid = {2C87E93B-F9EF-4CE5-BDCB-A96C6C67B444}
	EndGlobalSection
EndGlobal
