
Microsoft Visual Studio Solution File, Format Version 12.00
# Visual Studio Version 16
VisualStudioVersion = 16.0.29503.13
MinimumVisualStudioVersion = 10.0.40219.1
Project("{FAE04EC0-301F-11D3-BF4B-00C04F79EFBC}") = "Vetores03Pensionato", "Vetores03Pensionato.csproj", "{35FD6F7D-910F-427D-A3CB-C9649F4DFA05}"
EndProject
Global
	GlobalSection(SolutionConfigurationPlatforms) = preSolution
		Debug|Any CPU = Debug|Any CPU
		Release|Any CPU = Release|Any CPU
	EndGlobalSection
	GlobalSection(ProjectConfigurationPlatforms) = postSolution
		{35FD6F7D-910F-427D-A3CB-C9649F4DFA05}.Debug|Any CPU.ActiveCfg = Debug|Any CPU
		{35FD6F7D-910F-427D-A3CB-C9649F4DFA05}.Debug|Any CPU.Build.0 = Debug|Any CPU
		{35FD6F7D-910F-427D-A3CB-C9649F4DFA05}.Release|Any CPU.ActiveCfg = Release|Any CPU
		{35FD6F7D-910F-427D-A3CB-C9649F4DFA05}.Release|Any CPU.Build.0 = Release|Any CPU
	EndGlobalSection
	GlobalSection(SolutionProperties) = preSolution
		HideSolutionNode = FALSE
	EndGlobalSection
	GlobalSection(ExtensibilityGlobals) = postSolution
		SolutionGuid = {BEAD95E2-9B7F-4B9A-817C-6A38E61FDC60}
	EndGlobalSection
EndGlobal
